{
  "version": 4,
  "terraform_version": "1.3.1",
  "serial": 360,
  "lineage": "0c1b1c72-79d8-5f2e-8836-313d36bf6438",
  "outputs": {},
  "resources": [
    {
      "mode": "managed",
      "type": "docker_container",
      "name": "container-mysql",
      "provider": "provider[\"registry.terraform.io/kreuzwerker/docker\"]",
      "instances": [
        {
          "schema_version": 2,
          "attributes": {
            "attach": false,
            "bridge": "",
            "capabilities": [],
            "command": [
              "mysqld"
            ],
            "container_logs": null,
            "container_read_refresh_timeout_milliseconds": 15000,
            "cpu_set": "",
            "cpu_shares": 0,
            "destroy_grace_seconds": null,
            "devices": [],
            "dns": null,
            "dns_opts": null,
            "dns_search": null,
            "domainname": "",
            "entrypoint": [
              "docker-entrypoint.sh"
            ],
            "env": [
              "MYSQL_DATABASE=wordpress",
              "MYSQL_PASSWORD=user",
              "MYSQL_ROOT_PASSWORD=root",
              "MYSQL_USER=user"
            ],
            "exit_code": null,
            "gateway": "172.19.0.1",
            "gpus": null,
            "group_add": null,
            "healthcheck": null,
            "host": [],
            "hostname": "ea4c4cfd5a3b",
            "id": "ea4c4cfd5a3ba20962a7c30fda887fba6fe1f0c1aa62e47ecac3d8803624fb12",
            "image": "sha256:1699df6c42a3ed6b4a8f6e65ec1886dfab6ab4f213eadc8e44b6f79630d5ac01",
            "init": false,
            "ip_address": "172.19.0.3",
            "ip_prefix_length": 16,
            "ipc_mode": "private",
            "labels": [],
            "links": null,
            "log_driver": "json-file",
            "log_opts": null,
            "logs": false,
            "max_retry_count": 0,
            "memory": 0,
            "memory_swap": 0,
            "mounts": [
              {
                "bind_options": [],
                "read_only": null,
                "source": "db_data",
                "target": "/var/lib/mysql",
                "tmpfs_options": [],
                "type": "volume",
                "volume_options": []
              }
            ],
            "must_run": true,
            "name": "db",
            "network_alias": null,
            "network_data": [
              {
                "gateway": "172.19.0.1",
                "global_ipv6_address": "",
                "global_ipv6_prefix_length": 0,
                "ip_address": "172.19.0.3",
                "ip_prefix_length": 16,
                "ipv6_gateway": "",
                "network_name": "wordpress_net"
              }
            ],
            "network_mode": "wordpress_net",
            "networks": null,
            "networks_advanced": [],
            "pid_mode": "",
            "ports": [],
            "privileged": false,
            "publish_all_ports": false,
            "read_only": false,
            "remove_volumes": true,
            "restart": "on-failure",
            "rm": false,
            "runtime": "runc",
            "security_opts": [],
            "shm_size": 64,
            "start": true,
            "stdin_open": false,
            "stop_signal": "",
            "stop_timeout": 0,
            "storage_opts": null,
            "sysctls": null,
            "tmpfs": null,
            "tty": false,
            "ulimit": [],
            "upload": [],
            "user": "",
            "userns_mode": "",
            "volumes": [],
            "working_dir": ""
          },
          "sensitive_attributes": [],
          "private": "eyJzY2hlbWFfdmVyc2lvbiI6IjIifQ==",
          "dependencies": [
            "docker_image.img-mysql"
          ]
        }
      ]
    },
    {
      "mode": "managed",
      "type": "docker_container",
      "name": "container-wordpress",
      "provider": "provider[\"registry.terraform.io/kreuzwerker/docker\"]",
      "instances": [
        {
          "schema_version": 2,
          "attributes": {
            "attach": false,
            "bridge": "",
            "capabilities": [],
            "command": [
              "apache2-foreground"
            ],
            "container_logs": null,
            "container_read_refresh_timeout_milliseconds": 15000,
            "cpu_set": "",
            "cpu_shares": 0,
            "destroy_grace_seconds": null,
            "devices": [],
            "dns": null,
            "dns_opts": null,
            "dns_search": null,
            "domainname": "",
            "entrypoint": [
              "docker-entrypoint.sh"
            ],
            "env": [
              "WORDPRESS_DB_HOST=db",
              "WORDPRESS_DB_NAME=wordpress",
              "WORDPRESS_DB_PASSWORD=user",
              "WORDPRESS_DB_USER=user"
            ],
            "exit_code": null,
            "gateway": "172.19.0.1",
            "gpus": null,
            "group_add": null,
            "healthcheck": null,
            "host": [],
            "hostname": "8020fb18c91f",
            "id": "8020fb18c91f7ed34f0b0fa06a4fe10986dcbdc756cf3241891b1f8437fbe310",
            "image": "sha256:869e3809d639826dbbda664f686868e032240a2d63f37b6f939744b2c85ac92e",
            "init": false,
            "ip_address": "172.19.0.2",
            "ip_prefix_length": 16,
            "ipc_mode": "private",
            "labels": [],
            "links": null,
            "log_driver": "json-file",
            "log_opts": null,
            "logs": false,
            "max_retry_count": 0,
            "memory": 0,
            "memory_swap": 0,
            "mounts": [
              {
                "bind_options": [],
                "read_only": null,
                "source": "wordpress_site",
                "target": "/var/www/html",
                "tmpfs_options": [],
                "type": "volume",
                "volume_options": []
              }
            ],
            "must_run": true,
            "name": "wordpress",
            "network_alias": null,
            "network_data": [
              {
                "gateway": "172.19.0.1",
                "global_ipv6_address": "",
                "global_ipv6_prefix_length": 0,
                "ip_address": "172.19.0.2",
                "ip_prefix_length": 16,
                "ipv6_gateway": "",
                "network_name": "wordpress_net"
              }
            ],
            "network_mode": "wordpress_net",
            "networks": null,
            "networks_advanced": [],
            "pid_mode": "",
            "ports": [
              {
                "external": 8000,
                "internal": 80,
                "ip": "0.0.0.0",
                "protocol": "tcp"
              }
            ],
            "privileged": false,
            "publish_all_ports": false,
            "read_only": false,
            "remove_volumes": true,
            "restart": "on-failure",
            "rm": false,
            "runtime": "runc",
            "security_opts": [],
            "shm_size": 64,
            "start": true,
            "stdin_open": false,
            "stop_signal": "SIGWINCH",
            "stop_timeout": 0,
            "storage_opts": null,
            "sysctls": null,
            "tmpfs": null,
            "tty": false,
            "ulimit": [],
            "upload": [],
            "user": "",
            "userns_mode": "",
            "volumes": [],
            "working_dir": "/var/www/html"
          },
          "sensitive_attributes": [],
          "private": "eyJzY2hlbWFfdmVyc2lvbiI6IjIifQ==",
          "dependencies": [
            "docker_image.img-wordpress"
          ]
        }
      ]
    },
    {
      "mode": "managed",
      "type": "docker_image",
      "name": "img-mysql",
      "provider": "provider[\"registry.terraform.io/kreuzwerker/docker\"]",
      "instances": [
        {
          "schema_version": 0,
          "attributes": {
            "build": [],
            "force_remove": null,
            "id": "sha256:1699df6c42a3ed6b4a8f6e65ec1886dfab6ab4f213eadc8e44b6f79630d5ac01mysql:latest",
            "image_id": "sha256:1699df6c42a3ed6b4a8f6e65ec1886dfab6ab4f213eadc8e44b6f79630d5ac01",
            "keep_locally": null,
            "latest": "sha256:1699df6c42a3ed6b4a8f6e65ec1886dfab6ab4f213eadc8e44b6f79630d5ac01",
            "name": "mysql:latest",
            "output": null,
            "pull_trigger": null,
            "pull_triggers": null,
            "repo_digest": "mysql@sha256:3c1aab708f6e57fc4dccafe36baccc7219acfb4ec450f3fb6d370ea89409e906",
            "triggers": null
          },
          "sensitive_attributes": [],
          "private": "bnVsbA=="
        }
      ]
    },
    {
      "mode": "managed",
      "type": "docker_image",
      "name": "img-wordpress",
      "provider": "provider[\"registry.terraform.io/kreuzwerker/docker\"]",
      "instances": [
        {
          "schema_version": 0,
          "attributes": {
            "build": [],
            "force_remove": null,
            "id": "sha256:869e3809d639826dbbda664f686868e032240a2d63f37b6f939744b2c85ac92ewordpress:latest",
            "image_id": "sha256:869e3809d639826dbbda664f686868e032240a2d63f37b6f939744b2c85ac92e",
            "keep_locally": null,
            "latest": "sha256:869e3809d639826dbbda664f686868e032240a2d63f37b6f939744b2c85ac92e",
            "name": "wordpress:latest",
            "output": null,
            "pull_trigger": null,
            "pull_triggers": null,
            "repo_digest": "wordpress@sha256:6003ce1cc14ed9d83c3df5593b3359cc8e4236fb80238e9530a0beeb6c60f688",
            "triggers": null
          },
          "sensitive_attributes": [],
          "private": "bnVsbA=="
        }
      ]
    },
    {
      "mode": "managed",
      "type": "docker_network",
      "name": "wordpress_net",
      "provider": "provider[\"registry.terraform.io/kreuzwerker/docker\"]",
      "instances": [
        {
          "schema_version": 1,
          "attributes": {
            "attachable": false,
            "check_duplicate": null,
            "driver": "bridge",
            "id": "b7cea4cf7f930db928e7a0fda4f6d5a19cc161b37d0eb86d82b3a7e235148fbf",
            "ingress": false,
            "internal": false,
            "ipam_config": [
              {
                "aux_address": {},
                "gateway": "172.19.0.1",
                "ip_range": "",
                "subnet": "172.19.0.0/16"
              }
            ],
            "ipam_driver": "default",
            "ipv6": false,
            "labels": [],
            "name": "wordpress_net",
            "options": {},
            "scope": "local"
          },
          "sensitive_attributes": [],
          "private": "eyJzY2hlbWFfdmVyc2lvbiI6IjEifQ=="
        }
      ]
    },
    {
      "mode": "managed",
      "type": "docker_volume",
      "name": "db_data",
      "provider": "provider[\"registry.terraform.io/kreuzwerker/docker\"]",
      "instances": [
        {
          "schema_version": 1,
          "attributes": {
            "driver": "local",
            "driver_opts": {},
            "id": "12da242fa8dc0d2f3834c38f3ddfd4b3c4aebd78b34a094dd7680aa754454fe3",
            "labels": [],
            "mountpoint": "/var/lib/docker/volumes/12da242fa8dc0d2f3834c38f3ddfd4b3c4aebd78b34a094dd7680aa754454fe3/_data",
            "name": "12da242fa8dc0d2f3834c38f3ddfd4b3c4aebd78b34a094dd7680aa754454fe3"
          },
          "sensitive_attributes": [],
          "private": "eyJzY2hlbWFfdmVyc2lvbiI6IjEifQ=="
        }
      ]
    },
    {
      "mode": "managed",
      "type": "docker_volume",
      "name": "wordpress_site",
      "provider": "provider[\"registry.terraform.io/kreuzwerker/docker\"]",
      "instances": [
        {
          "schema_version": 1,
          "attributes": {
            "driver": "local",
            "driver_opts": {},
            "id": "988a88ba6c871b69023bf2402ae6751580aee9faf8102f90ff15f15cdf202827",
            "labels": [],
            "mountpoint": "/var/lib/docker/volumes/988a88ba6c871b69023bf2402ae6751580aee9faf8102f90ff15f15cdf202827/_data",
            "name": "988a88ba6c871b69023bf2402ae6751580aee9faf8102f90ff15f15cdf202827"
          },
          "sensitive_attributes": [],
          "private": "eyJzY2hlbWFfdmVyc2lvbiI6IjEifQ=="
        }
      ]
    }
  ],
  "check_results": []
}
